
Microsoft Visual Studio Solution File, Format Version 12.00
# Visual Studio 15
VisualStudioVersion = 15.0.27703.2026
MinimumVisualStudioVersion = 10.0.40219.1
Project("{FAE04EC0-301F-11D3-BF4B-00C04F79EFBC}") = "Model", "Model\Model.csproj", "{98A84748-3593-4372-AF1B-3E313B7CE43E}"
EndProject
Project("{FAE04EC0-301F-11D3-BF4B-00C04F79EFBC}") = "Controller", "Controller\Controller.csproj", "{E4B6EB1B-B314-40A8-A34C-2571D6B26959}"
EndProject
Project("{FAE04EC0-301F-11D3-BF4B-00C04F79EFBC}") = "Data", "Data\Data.csproj", "{63DFB5AC-4CE4-4DF5-8B8B-1C99F51C82A1}"
EndProject
Project("{FAE04EC0-301F-11D3-BF4B-00C04F79EFBC}") = "View", "View\View.csproj", "{9A540A4E-D242-478F-8841-9074A1CC301B}"
EndProject
Global
	GlobalSection(SolutionConfigurationPlatforms) = preSolution
		Debug|Any CPU = Debug|Any CPU
		Release|Any CPU = Release|Any CPU
	EndGlobalSection
	GlobalSection(ProjectConfigurationPlatforms) = postSolution
		{98A84748-3593-4372-AF1B-3E313B7CE43E}.Debug|Any CPU.ActiveCfg = Debug|Any CPU
		{98A84748-3593-4372-AF1B-3E313B7CE43E}.Debug|Any CPU.Build.0 = Debug|Any CPU
		{98A84748-3593-4372-AF1B-3E313B7CE43E}.Release|Any CPU.ActiveCfg = Release|Any CPU
		{98A84748-3593-4372-AF1B-3E313B7CE43E}.Release|Any CPU.Build.0 = Release|Any CPU
		{E4B6EB1B-B314-40A8-A34C-2571D6B26959}.Debug|Any CPU.ActiveCfg = Debug|Any CPU
		{E4B6EB1B-B314-40A8-A34C-2571D6B26959}.Debug|Any CPU.Build.0 = Debug|Any CPU
		{E4B6EB1B-B314-40A8-A34C-2571D6B26959}.Release|Any CPU.ActiveCfg = Release|Any CPU
		{E4B6EB1B-B314-40A8-A34C-2571D6B26959}.Release|Any CPU.Build.0 = Release|Any CPU
		{63DFB5AC-4CE4-4DF5-8B8B-1C99F51C82A1}.Debug|Any CPU.ActiveCfg = Debug|Any CPU
		{63DFB5AC-4CE4-4DF5-8B8B-1C99F51C82A1}.Debug|Any CPU.Build.0 = Debug|Any CPU
		{63DFB5AC-4CE4-4DF5-8B8B-1C99F51C82A1}.Release|Any CPU.ActiveCfg = Release|Any CPU
		{63DFB5AC-4CE4-4DF5-8B8B-1C99F51C82A1}.Release|Any CPU.Build.0 = Release|Any CPU
		{9A540A4E-D242-478F-8841-9074A1CC301B}.Debug|Any CPU.ActiveCfg = Debug|Any CPU
		{9A540A4E-D242-478F-8841-9074A1CC301B}.Debug|Any CPU.Build.0 = Debug|Any CPU
		{9A540A4E-D242-478F-8841-9074A1CC301B}.Release|Any CPU.ActiveCfg = Release|Any CPU
		{9A540A4E-D242-478F-8841-9074A1CC301B}.Release|Any CPU.Build.0 = Release|Any CPU
	EndGlobalSection
	GlobalSection(SolutionProperties) = preSolution
		HideSolutionNode = FALSE
	EndGlobalSection
	GlobalSection(ExtensibilityGlobals) = postSolution
		SolutionGuid = {6A622EF6-E084-416E-B9E2-E8E185CE3840}
	EndGlobalSection
EndGlobal
